// !$*UTF8*$!
{
	archiveVersion = 1;
	classes = {
	};
	objectVersion = 77;
	objects = {

/* Begin PBXBuildFile section */
		822A47F62DE7846F0020DC0D /* KeychainSwift in Frameworks */ = {isa = PBXBuildFile; productRef = 822A47F52DE7846F0020DC0D /* KeychainSwift */; };
/* End PBXBuildFile section */

/* Begin PBXContainerItemProxy section */
		822A46D82DE7809D0020DC0D /* PBXContainerItemProxy */ = {
			isa = PBXContainerItemProxy;
			containerPortal = 822A46C22DE7809B0020DC0D /* Project object */;
			proxyType = 1;
			remoteGlobalIDString = 822A46C92DE7809B0020DC0D;
			remoteInfo = kcHerosClase;
		};
		822A46E22DE7809D0020DC0D /* PBXContainerItemProxy */ = {
			isa = PBXContainerItemProxy;
			containerPortal = 822A46C22DE7809B0020DC0D /* Project object */;
			proxyType = 1;
			remoteGlobalIDString = 822A46C92DE7809B0020DC0D;
			remoteInfo = kcHerosClase;
		};
/* End PBXContainerItemProxy section */

/* Begin PBXFileReference section */
		822A46CA2DE7809B0020DC0D /* kcHerosClase.app */ = {isa = PBXFileReference; explicitFileType = wrapper.application; includeInIndex = 0; path = kcHerosClase.app; sourceTree = BUILT_PRODUCTS_DIR; };
		822A46D72DE7809D0020DC0D /* kcHerosClaseTests.xctest */ = {isa = PBXFileReference; explicitFileType = wrapper.cfbundle; includeInIndex = 0; path = kcHerosClaseTests.xctest; sourceTree = BUILT_PRODUCTS_DIR; };
		822A46E12DE7809D0020DC0D /* kcHerosClaseUITests.xctest */ = {isa = PBXFileReference; explicitFileType = wrapper.cfbundle; includeInIndex = 0; path = kcHerosClaseUITests.xctest; sourceTree = BUILT_PRODUCTS_DIR; };
/* End PBXFileReference section */

/* Begin PBXFileSystemSynchronizedBuildFileExceptionSet section */
		822A47F32DE7838F0020DC0D /* Exceptions for "kcHerosClase" folder in "kcHerosClase" target */ = {
			isa = PBXFileSystemSynchronizedBuildFileExceptionSet;
			membershipExceptions = (
				Info.plist,
			);
			target = 822A46C92DE7809B0020DC0D /* kcHerosClase */;
		};
/* End PBXFileSystemSynchronizedBuildFileExceptionSet section */

/* Begin PBXFileSystemSynchronizedRootGroup section */
		822A46CC2DE7809B0020DC0D /* kcHerosClase */ = {
			isa = PBXFileSystemSynchronizedRootGroup;
			exceptions = (
				822A47F32DE7838F0020DC0D /* Exceptions for "kcHerosClase" folder in "kcHerosClase" target */,
			);
			path = kcHerosClase;
			sourceTree = "<group>";
		};
		822A46DA2DE7809D0020DC0D /* kcHerosClaseTests */ = {
			isa = PBXFileSystemSynchronizedRootGroup;
			path = kcHerosClaseTests;
			sourceTree = "<group>";
		};
		822A46E42DE7809D0020DC0D /* kcHerosClaseUITests */ = {
			isa = PBXFileSystemSynchronizedRootGroup;
			path = kcHerosClaseUITests;
			sourceTree = "<group>";
		};
/* End PBXFileSystemSynchronizedRootGroup section */

/* Begin PBXFrameworksBuildPhase section */
		822A46C72DE7809B0020DC0D /* Frameworks */ = {
			isa = PBXFrameworksBuildPhase;
			buildActionMask = 2147483647;
			files = (
				822A47F62DE7846F0020DC0D /* KeychainSwift in Frameworks */,
			);
			runOnlyForDeploymentPostprocessing = 0;
		};
		822A46D42DE7809D0020DC0D /* Frameworks */ = {
			isa = PBXFrameworksBuildPhase;
			buildActionMask = 2147483647;
			files = (
			);
			runOnlyForDeploymentPostprocessing = 0;
		};
		822A46DE2DE7809D0020DC0D /* Frameworks */ = {
			isa = PBXFrameworksBuildPhase;
			buildActionMask = 2147483647;
			files = (
			);
			runOnlyForDeploymentPostprocessing = 0;
		};
/* End PBXFrameworksBuildPhase section */

/* Begin PBXGroup section */
		822A46C12DE7809B0020DC0D = {
			isa = PBXGroup;
			children = (
				822A46CC2DE7809B0020DC0D /* kcHerosClase */,
				822A46DA2DE7809D0020DC0D /* kcHerosClaseTests */,
				822A46E42DE7809D0020DC0D /* kcHerosClaseUITests */,
				822A46CB2DE7809B0020DC0D /* Products */,
			);
			sourceTree = "<group>";
		};
		822A46CB2DE7809B0020DC0D /* Products */ = {
			isa = PBXGroup;
			children = (
				822A46CA2DE7809B0020DC0D /* kcHerosClase.app */,
				822A46D72DE7809D0020DC0D /* kcHerosClaseTests.xctest */,
				822A46E12DE7809D0020DC0D /* kcHerosClaseUITests.xctest */,
			);
			name = Products;
			sourceTree = "<group>";
		};
/* End PBXGroup section */

/* Begin PBXNativeTarget section */
		822A46C92DE7809B0020DC0D /* kcHerosClase */ = {
			isa = PBXNativeTarget;
			buildConfigurationList = 822A46EB2DE7809D0020DC0D /* Build configuration list for PBXNativeTarget "kcHerosClase" */;
			buildPhases = (
				822A46C62DE7809B0020DC0D /* Sources */,
				822A46C72DE7809B0020DC0D /* Frameworks */,
				822A46C82DE7809B0020DC0D /* Resources */,
			);
			buildRules = (
			);
			dependencies = (
			);
			fileSystemSynchronizedGroups = (
				822A46CC2DE7809B0020DC0D /* kcHerosClase */,
			);
			name = kcHerosClase;
			packageProductDependencies = (
				822A47F52DE7846F0020DC0D /* KeychainSwift */,
			);
			productName = kcHerosClase;
			productReference = 822A46CA2DE7809B0020DC0D /* kcHerosClase.app */;
			productType = "com.apple.product-type.application";
		};
		822A46D62DE7809D0020DC0D /* kcHerosClaseTests */ = {
			isa = PBXNativeTarget;
			buildConfigurationList = 822A46EE2DE7809D0020DC0D /* Build configuration list for PBXNativeTarget "kcHerosClaseTests" */;
			buildPhases = (
				822A46D32DE7809D0020DC0D /* Sources */,
				822A46D42DE7809D0020DC0D /* Frameworks */,
				822A46D52DE7809D0020DC0D /* Resources */,
			);
			buildRules = (
			);
			dependencies = (
				822A46D92DE7809D0020DC0D /* PBXTargetDependency */,
			);
			fileSystemSynchronizedGroups = (
				822A46DA2DE7809D0020DC0D /* kcHerosClaseTests */,
			);
			name = kcHerosClaseTests;
			packageProductDependencies = (
			);
			productName = kcHerosClaseTests;
			productReference = 822A46D72DE7809D0020DC0D /* kcHerosClaseTests.xctest */;
			productType = "com.apple.product-type.bundle.unit-test";
		};
		822A46E02DE7809D0020DC0D /* kcHerosClaseUITests */ = {
			isa = PBXNativeTarget;
			buildConfigurationList = 822A46F12DE7809D0020DC0D /* Build configuration list for PBXNativeTarget "kcHerosClaseUITests" */;
			buildPhases = (
				822A46DD2DE7809D0020DC0D /* Sources */,
				822A46DE2DE7809D0020DC0D /* Frameworks */,
				822A46DF2DE7809D0020DC0D /* Resources */,
			);
			buildRules = (
			);
			dependencies = (
				822A46E32DE7809D0020DC0D /* PBXTargetDependency */,
			);
			fileSystemSynchronizedGroups = (
				822A46E42DE7809D0020DC0D /* kcHerosClaseUITests */,
			);
			name = kcHerosClaseUITests;
			packageProductDependencies = (
			);
			productName = kcHerosClaseUITests;
			productReference = 822A46E12DE7809D0020DC0D /* kcHerosClaseUITests.xctest */;
			productType = "com.apple.product-type.bundle.ui-testing";
		};
/* End PBXNativeTarget section */

/* Begin PBXProject section */
		822A46C22DE7809B0020DC0D /* Project object */ = {
			isa = PBXProject;
			attributes = {
				BuildIndependentTargetsInParallel = 1;
				LastSwiftUpdateCheck = 1630;
				LastUpgradeCheck = 1630;
				TargetAttributes = {
					822A46C92DE7809B0020DC0D = {
						CreatedOnToolsVersion = 16.3;
					};
					822A46D62DE7809D0020DC0D = {
						CreatedOnToolsVersion = 16.3;
						TestTargetID = 822A46C92DE7809B0020DC0D;
					};
					822A46E02DE7809D0020DC0D = {
						CreatedOnToolsVersion = 16.3;
						TestTargetID = 822A46C92DE7809B0020DC0D;
					};
				};
			};
			buildConfigurationList = 822A46C52DE7809B0020DC0D /* Build configuration list for PBXProject "kcHerosClase" */;
			developmentRegion = en;
			hasScannedForEncodings = 0;
			knownRegions = (
				en,
				Base,
				es,
			);
			mainGroup = 822A46C12DE7809B0020DC0D;
			minimizedProjectReferenceProxies = 1;
			packageReferences = (
				822A47F42DE7846F0020DC0D /* XCRemoteSwiftPackageReference "keychain-swift" */,
			);
			preferredProjectObjectVersion = 77;
			productRefGroup = 822A46CB2DE7809B0020DC0D /* Products */;
			projectDirPath = "";
			projectRoot = "";
			targets = (
				822A46C92DE7809B0020DC0D /* kcHerosClase */,
				822A46D62DE7809D0020DC0D /* kcHerosClaseTests */,
				822A46E02DE7809D0020DC0D /* kcHerosClaseUITests */,
			);
		};
/* End PBXProject section */

/* Begin PBXResourcesBuildPhase section */
		822A46C82DE7809B0020DC0D /* Resources */ = {
			isa = PBXResourcesBuildPhase;
			buildActionMask = 2147483647;
			files = (
			);
			runOnlyForDeploymentPostprocessing = 0;
		};
		822A46D52DE7809D0020DC0D /* Resources */ = {
			isa = PBXResourcesBuildPhase;
			buildActionMask = 2147483647;
			files = (
			);
			runOnlyForDeploymentPostprocessing = 0;
		};
		822A46DF2DE7809D0020DC0D /* Resources */ = {
			isa = PBXResourcesBuildPhase;
			buildActionMask = 2147483647;
			files = (
			);
			runOnlyForDeploymentPostprocessing = 0;
		};
/* End PBXResourcesBuildPhase section */

/* Begin PBXSourcesBuildPhase section */
		822A46C62DE7809B0020DC0D /* Sources */ = {
			isa = PBXSourcesBuildPhase;
			buildActionMask = 2147483647;
			files = (
			);
			runOnlyForDeploymentPostprocessing = 0;
		};
		822A46D32DE7809D0020DC0D /* Sources */ = {
			isa = PBXSourcesBuildPhase;
			buildActionMask = 2147483647;
			files = (
			);
			runOnlyForDeploymentPostprocessing = 0;
		};
		822A46DD2DE7809D0020DC0D /* Sources */ = {
			isa = PBXSourcesBuildPhase;
			buildActionMask = 2147483647;
			files = (
			);
			runOnlyForDeploymentPostprocessing = 0;
		};
/* End PBXSourcesBuildPhase section */

/* Begin PBXTargetDependency section */
		822A46D92DE7809D0020DC0D /* PBXTargetDependency */ = {
			isa = PBXTargetDependency;
			target = 822A46C92DE7809B0020DC0D /* kcHerosClase */;
			targetProxy = 822A46D82DE7809D0020DC0D /* PBXContainerItemProxy */;
		};
		822A46E32DE7809D0020DC0D /* PBXTargetDependency */ = {
			isa = PBXTargetDependency;
			target = 822A46C92DE7809B0020DC0D /* kcHerosClase */;
			targetProxy = 822A46E22DE7809D0020DC0D /* PBXContainerItemProxy */;
		};
/* End PBXTargetDependency section */

/* Begin XCBuildConfiguration section */
		822A46E92DE7809D0020DC0D /* Debug */ = {
			isa = XCBuildConfiguration;
			buildSettings = {
				ALWAYS_SEARCH_USER_PATHS = NO;
				ASSETCATALOG_COMPILER_GENERATE_SWIFT_ASSET_SYMBOL_EXTENSIONS = YES;
				CLANG_ANALYZER_LOCALIZABILITY_NONLOCALIZED = YES;
				CLANG_ANALYZER_NONNULL = YES;
				CLANG_ANALYZER_NUMBER_OBJECT_CONVERSION = YES_AGGRESSIVE;
				CLANG_CXX_LANGUAGE_STANDARD = "gnu++20";
				CLANG_ENABLE_MODULES = YES;
				CLANG_ENABLE_OBJC_ARC = YES;
				CLANG_ENABLE_OBJC_WEAK = YES;
				CLANG_WARN_BLOCK_CAPTURE_AUTORELEASING = YES;
				CLANG_WARN_BOOL_CONVERSION = YES;
				CLANG_WARN_COMMA = YES;
				CLANG_WARN_CONSTANT_CONVERSION = YES;
				CLANG_WARN_DEPRECATED_OBJC_IMPLEMENTATIONS = YES;
				CLANG_WARN_DIRECT_OBJC_ISA_USAGE = YES_ERROR;
				CLANG_WARN_DOCUMENTATION_COMMENTS = YES;
				CLANG_WARN_EMPTY_BODY = YES;
				CLANG_WARN_ENUM_CONVERSION = YES;
				CLANG_WARN_INFINITE_RECURSION = YES;
				CLANG_WARN_INT_CONVERSION = YES;
				CLANG_WARN_NON_LITERAL_NULL_CONVERSION = YES;
				CLANG_WARN_OBJC_IMPLICIT_RETAIN_SELF = YES;
				CLANG_WARN_OBJC_LITERAL_CONVERSION = YES;
				CLANG_WARN_OBJC_ROOT_CLASS = YES_ERROR;
				CLANG_WARN_QUOTED_INCLUDE_IN_FRAMEWORK_HEADER = YES;
				CLANG_WARN_RANGE_LOOP_ANALYSIS = YES;
				CLANG_WARN_STRICT_PROTOTYPES = YES;
				CLANG_WARN_SUSPICIOUS_MOVE = YES;
				CLANG_WARN_UNGUARDED_AVAILABILITY = YES_AGGRESSIVE;
				CLANG_WARN_UNREACHABLE_CODE = YES;
				CLANG_WARN__DUPLICATE_METHOD_MATCH = YES;
				COPY_PHASE_STRIP = NO;
				DEBUG_INFORMATION_FORMAT = dwarf;
				DEVELOPMENT_TEAM = FGH7GUTKVJ;
				ENABLE_STRICT_OBJC_MSGSEND = YES;
				ENABLE_TESTABILITY = YES;
				ENABLE_USER_SCRIPT_SANDBOXING = YES;
				GCC_C_LANGUAGE_STANDARD = gnu17;
				GCC_DYNAMIC_NO_PIC = NO;
				GCC_NO_COMMON_BLOCKS = YES;
				GCC_OPTIMIZATION_LEVEL = 0;
				GCC_PREPROCESSOR_DEFINITIONS = (
					"DEBUG=1",
					"$(inherited)",
				);
				GCC_WARN_64_TO_32_BIT_CONVERSION = YES;
				GCC_WARN_ABOUT_RETURN_TYPE = YES_ERROR;
				GCC_WARN_UNDECLARED_SELECTOR = YES;
				GCC_WARN_UNINITIALIZED_AUTOS = YES_AGGRESSIVE;
				GCC_WARN_UNUSED_FUNCTION = YES;
				GCC_WARN_UNUSED_VARIABLE = YES;
				IPHONEOS_DEPLOYMENT_TARGET = 18.4;
				LOCALIZATION_PREFERS_STRING_CATALOGS = YES;
				MTL_ENABLE_DEBUG_INFO = INCLUDE_SOURCE;
				MTL_FAST_MATH = YES;
				ONLY_ACTIVE_ARCH = YES;
				SDKROOT = iphoneos;
				SWIFT_ACTIVE_COMPILATION_CONDITIONS = "DEBUG $(inherited)";
				SWIFT_EMIT_LOC_STRINGS = YES;
				SWIFT_OPTIMIZATION_LEVEL = "-Onone";
			};
			name = Debug;
		};
		822A46EA2DE7809D0020DC0D /* Release */ = {
			isa = XCBuildConfiguration;
			buildSettings = {
				ALWAYS_SEARCH_USER_PATHS = NO;
				ASSETCATALOG_COMPILER_GENERATE_SWIFT_ASSET_SYMBOL_EXTENSIONS = YES;
				CLANG_ANALYZER_LOCALIZABILITY_NONLOCALIZED = YES;
				CLANG_ANALYZER_NONNULL = YES;
				CLANG_ANALYZER_NUMBER_OBJECT_CONVERSION = YES_AGGRESSIVE;
				CLANG_CXX_LANGUAGE_STANDARD = "gnu++20";
				CLANG_ENABLE_MODULES = YES;
				CLANG_ENABLE_OBJC_ARC = YES;
				CLANG_ENABLE_OBJC_WEAK = YES;
				CLANG_WARN_BLOCK_CAPTURE_AUTORELEASING = YES;
				CLANG_WARN_BOOL_CONVERSION = YES;
				CLANG_WARN_COMMA = YES;
				CLANG_WARN_CONSTANT_CONVERSION = YES;
				CLANG_WARN_DEPRECATED_OBJC_IMPLEMENTATIONS = YES;
				CLANG_WARN_DIRECT_OBJC_ISA_USAGE = YES_ERROR;
				CLANG_WARN_DOCUMENTATION_COMMENTS = YES;
				CLANG_WARN_EMPTY_BODY = YES;
				CLANG_WARN_ENUM_CONVERSION = YES;
				CLANG_WARN_INFINITE_RECURSION = YES;
				CLANG_WARN_INT_CONVERSION = YES;
				CLANG_WARN_NON_LITERAL_NULL_CONVERSION = YES;
				CLANG_WARN_OBJC_IMPLICIT_RETAIN_SELF = YES;
				CLANG_WARN_OBJC_LITERAL_CONVERSION = YES;
				CLANG_WARN_OBJC_ROOT_CLASS = YES_ERROR;
				CLANG_WARN_QUOTED_INCLUDE_IN_FRAMEWORK_HEADER = YES;
				CLANG_WARN_RANGE_LOOP_ANALYSIS = YES;
				CLANG_WARN_STRICT_PROTOTYPES = YES;
				CLANG_WARN_SUSPICIOUS_MOVE = YES;
				CLANG_WARN_UNGUARDED_AVAILABILITY = YES_AGGRESSIVE;
				CLANG_WARN_UNREACHABLE_CODE = YES;
				CLANG_WARN__DUPLICATE_METHOD_MATCH = YES;
				COPY_PHASE_STRIP = NO;
				DEBUG_INFORMATION_FORMAT = "dwarf-with-dsym";
				DEVELOPMENT_TEAM = FGH7GUTKVJ;
				ENABLE_NS_ASSERTIONS = NO;
				ENABLE_STRICT_OBJC_MSGSEND = YES;
				ENABLE_USER_SCRIPT_SANDBOXING = YES;
				GCC_C_LANGUAGE_STANDARD = gnu17;
				GCC_NO_COMMON_BLOCKS = YES;
				GCC_WARN_64_TO_32_BIT_CONVERSION = YES;
				GCC_WARN_ABOUT_RETURN_TYPE = YES_ERROR;
				GCC_WARN_UNDECLARED_SELECTOR = YES;
				GCC_WARN_UNINITIALIZED_AUTOS = YES_AGGRESSIVE;
				GCC_WARN_UNUSED_FUNCTION = YES;
				GCC_WARN_UNUSED_VARIABLE = YES;
				IPHONEOS_DEPLOYMENT_TARGET = 18.4;
				LOCALIZATION_PREFERS_STRING_CATALOGS = YES;
				MTL_ENABLE_DEBUG_INFO = NO;
				MTL_FAST_MATH = YES;
				SDKROOT = iphoneos;
				SWIFT_COMPILATION_MODE = wholemodule;
				SWIFT_EMIT_LOC_STRINGS = YES;
				VALIDATE_PRODUCT = YES;
			};
			name = Release;
		};
		822A46EC2DE7809D0020DC0D /* Debug */ = {
			isa = XCBuildConfiguration;
			buildSettings = {
				ASSETCATALOG_COMPILER_APPICON_NAME = AppIcon;
				ASSETCATALOG_COMPILER_GLOBAL_ACCENT_COLOR_NAME = AccentColor;
				CODE_SIGN_STYLE = Automatic;
				CURRENT_PROJECT_VERSION = 1;
				DEVELOPMENT_TEAM = ADCUTL8YP7;
				ENABLE_PREVIEWS = YES;
				GENERATE_INFOPLIST_FILE = YES;
				INFOPLIST_FILE = kcHerosClase/Info.plist;
				INFOPLIST_KEY_UIApplicationSceneManifest_Generation = YES;
				INFOPLIST_KEY_UIApplicationSupportsIndirectInputEvents = YES;
				INFOPLIST_KEY_UILaunchScreen_Generation = YES;
				INFOPLIST_KEY_UIStatusBarStyle = "";
				INFOPLIST_KEY_UISupportedInterfaceOrientations_iPad = "UIInterfaceOrientationPortrait UIInterfaceOrientationPortraitUpsideDown UIInterfaceOrientationLandscapeLeft UIInterfaceOrientationLandscapeRight";
				INFOPLIST_KEY_UISupportedInterfaceOrientations_iPhone = "UIInterfaceOrientationPortrait UIInterfaceOrientationLandscapeLeft UIInterfaceOrientationLandscapeRight";
				IPHONEOS_DEPLOYMENT_TARGET = 18.0;
				LD_RUNPATH_SEARCH_PATHS = (
					"$(inherited)",
					"@executable_path/Frameworks",
				);
				MARKETING_VERSION = 1.0;
				PRODUCT_BUNDLE_IDENTIFIER = com.aentrena.kcHerosClase;
				PRODUCT_NAME = "$(TARGET_NAME)";
				SWIFT_EMIT_LOC_STRINGS = YES;
				SWIFT_VERSION = 5.0;
				TARGETED_DEVICE_FAMILY = "1,2";
			};
			name = Debug;
		};
		822A46ED2DE7809D0020DC0D /* Release */ = {
			isa = XCBuildConfiguration;
			buildSettings = {
				ASSETCATALOG_COMPILER_APPICON_NAME = AppIcon;
				ASSETCATALOG_COMPILER_GLOBAL_ACCENT_COLOR_NAME = AccentColor;
				CODE_SIGN_STYLE = Automatic;
				CURRENT_PROJECT_VERSION = 1;
				DEVELOPMENT_TEAM = ADCUTL8YP7;
				ENABLE_PREVIEWS = YES;
				GENERATE_INFOPLIST_FILE = YES;
				INFOPLIST_FILE = kcHerosClase/Info.plist;
				INFOPLIST_KEY_UIApplicationSceneManifest_Generation = YES;
				INFOPLIST_KEY_UIApplicationSupportsIndirectInputEvents = YES;
				INFOPLIST_KEY_UILaunchScreen_Generation = YES;
				INFOPLIST_KEY_UIStatusBarStyle = "";
				INFOPLIST_KEY_UISupportedInterfaceOrientations_iPad = "UIInterfaceOrientationPortrait UIInterfaceOrientationPortraitUpsideDown UIInterfaceOrientationLandscapeLeft UIInterfaceOrientationLandscapeRight";
				INFOPLIST_KEY_UISupportedInterfaceOrientations_iPhone = "UIInterfaceOrientationPortrait UIInterfaceOrientationLandscapeLeft UIInterfaceOrientationLandscapeRight";
				IPHONEOS_DEPLOYMENT_TARGET = 18.0;
				LD_RUNPATH_SEARCH_PATHS = (
					"$(inherited)",
					"@executable_path/Frameworks",
				);
				MARKETING_VERSION = 1.0;
				PRODUCT_BUNDLE_IDENTIFIER = com.aentrena.kcHerosClase;
				PRODUCT_NAME = "$(TARGET_NAME)";
				SWIFT_EMIT_LOC_STRINGS = YES;
				SWIFT_VERSION = 5.0;
				TARGETED_DEVICE_FAMILY = "1,2";
			};
			name = Release;
		};
		822A46EF2DE7809D0020DC0D /* Debug */ = {
			isa = XCBuildConfiguration;
			buildSettings = {
				BUNDLE_LOADER = "$(TEST_HOST)";
				CODE_SIGN_STYLE = Automatic;
				CURRENT_PROJECT_VERSION = 1;
				DEVELOPMENT_TEAM = FGH7GUTKVJ;
				GENERATE_INFOPLIST_FILE = YES;
				IPHONEOS_DEPLOYMENT_TARGET = 18.4;
				MARKETING_VERSION = 1.0;
				PRODUCT_BUNDLE_IDENTIFIER = com.kcclase.kcHerosClaseTests;
				PRODUCT_NAME = "$(TARGET_NAME)";
				SWIFT_EMIT_LOC_STRINGS = NO;
				SWIFT_VERSION = 5.0;
				TARGETED_DEVICE_FAMILY = "1,2";
				TEST_HOST = "$(BUILT_PRODUCTS_DIR)/kcHerosClase.app/$(BUNDLE_EXECUTABLE_FOLDER_PATH)/kcHerosClase";
			};
			name = Debug;
		};
		822A46F02DE7809D0020DC0D /* Release */ = {
			isa = XCBuildConfiguration;
			buildSettings = {
				BUNDLE_LOADER = "$(TEST_HOST)";
				CODE_SIGN_STYLE = Automatic;
				CURRENT_PROJECT_VERSION = 1;
				DEVELOPMENT_TEAM = FGH7GUTKVJ;
				GENERATE_INFOPLIST_FILE = YES;
				IPHONEOS_DEPLOYMENT_TARGET = 18.4;
				MARKETING_VERSION = 1.0;
				PRODUCT_BUNDLE_IDENTIFIER = com.kcclase.kcHerosClaseTests;
				PRODUCT_NAME = "$(TARGET_NAME)";
				SWIFT_EMIT_LOC_STRINGS = NO;
				SWIFT_VERSION = 5.0;
				TARGETED_DEVICE_FAMILY = "1,2";
				TEST_HOST = "$(BUILT_PRODUCTS_DIR)/kcHerosClase.app/$(BUNDLE_EXECUTABLE_FOLDER_PATH)/kcHerosClase";
			};
			name = Release;
		};
		822A46F22DE7809D0020DC0D /* Debug */ = {
			isa = XCBuildConfiguration;
			buildSettings = {
				CODE_SIGN_STYLE = Automatic;
				CURRENT_PROJECT_VERSION = 1;
				DEVELOPMENT_TEAM = FGH7GUTKVJ;
				GENERATE_INFOPLIST_FILE = YES;
				MARKETING_VERSION = 1.0;
				PRODUCT_BUNDLE_IDENTIFIER = com.kcclase.kcHerosClaseUITests;
				PRODUCT_NAME = "$(TARGET_NAME)";
				SWIFT_EMIT_LOC_STRINGS = NO;
				SWIFT_VERSION = 5.0;
				TARGETED_DEVICE_FAMILY = "1,2";
				TEST_TARGET_NAME = kcHerosClase;
			};
			name = Debug;
		};
		822A46F32DE7809D0020DC0D /* Release */ = {
			isa = XCBuildConfiguration;
			buildSettings = {
				CODE_SIGN_STYLE = Automatic;
				CURRENT_PROJECT_VERSION = 1;
				DEVELOPMENT_TEAM = FGH7GUTKVJ;
				GENERATE_INFOPLIST_FILE = YES;
				MARKETING_VERSION = 1.0;
				PRODUCT_BUNDLE_IDENTIFIER = com.kcclase.kcHerosClaseUITests;
				PRODUCT_NAME = "$(TARGET_NAME)";
				SWIFT_EMIT_LOC_STRINGS = NO;
				SWIFT_VERSION = 5.0;
				TARGETED_DEVICE_FAMILY = "1,2";
				TEST_TARGET_NAME = kcHerosClase;
			};
			name = Release;
		};
/* End XCBuildConfiguration section */

/* Begin XCConfigurationList section */
		822A46C52DE7809B0020DC0D /* Build configuration list for PBXProject "kcHerosClase" */ = {
			isa = XCConfigurationList;
			buildConfigurations = (
				822A46E92DE7809D0020DC0D /* Debug */,
				822A46EA2DE7809D0020DC0D /* Release */,
			);
			defaultConfigurationIsVisible = 0;
			defaultConfigurationName = Release;
		};
		822A46EB2DE7809D0020DC0D /* Build configuration list for PBXNativeTarget "kcHerosClase" */ = {
			isa = XCConfigurationList;
			buildConfigurations = (
				822A46EC2DE7809D0020DC0D /* Debug */,
				822A46ED2DE7809D0020DC0D /* Release */,
			);
			defaultConfigurationIsVisible = 0;
			defaultConfigurationName = Release;
		};
		822A46EE2DE7809D0020DC0D /* Build configuration list for PBXNativeTarget "kcHerosClaseTests" */ = {
			isa = XCConfigurationList;
			buildConfigurations = (
				822A46EF2DE7809D0020DC0D /* Debug */,
				822A46F02DE7809D0020DC0D /* Release */,
			);
			defaultConfigurationIsVisible = 0;
			defaultConfigurationName = Release;
		};
		822A46F12DE7809D0020DC0D /* Build configuration list for PBXNativeTarget "kcHerosClaseUITests" */ = {
			isa = XCConfigurationList;
			buildConfigurations = (
				822A46F22DE7809D0020DC0D /* Debug */,
				822A46F32DE7809D0020DC0D /* Release */,
			);
			defaultConfigurationIsVisible = 0;
			defaultConfigurationName = Release;
		};
/* End XCConfigurationList section */

/* Begin XCRemoteSwiftPackageReference section */
		822A47F42DE7846F0020DC0D /* XCRemoteSwiftPackageReference "keychain-swift" */ = {
			isa = XCRemoteSwiftPackageReference;
			repositoryURL = "https://github.com/evgenyneu/keychain-swift.git";
			requirement = {
				kind = upToNextMajorVersion;
				minimumVersion = 24.0.0;
			};
		};
/* End XCRemoteSwiftPackageReference section */

/* Begin XCSwiftPackageProductDependency section */
		822A47F52DE7846F0020DC0D /* KeychainSwift */ = {
			isa = XCSwiftPackageProductDependency;
			package = 822A47F42DE7846F0020DC0D /* XCRemoteSwiftPackageReference "keychain-swift" */;
			productName = KeychainSwift;
		};
/* End XCSwiftPackageProductDependency section */
	};
	rootObject = 822A46C22DE7809B0020DC0D /* Project object */;
}
