// !$*UTF8*$!
{
	archiveVersion = 1;
	classes = {
	};
	objectVersion = 77;
	objects = {

/* Begin PBXBuildFile section */
		6716BC692DE9B04B007604A8 /* KeychainSwift in Frameworks */ = {isa = PBXBuildFile; productRef = 6716BC682DE9B04B007604A8 /* KeychainSwift */; };
/* End PBXBuildFile section */

/* Begin PBXContainerItemProxy section */
		6716BC362DE9A8E1007604A8 /* PBXContainerItemProxy */ = {
			isa = PBXContainerItemProxy;
			containerPortal = 6716BC1D2DE9A8E0007604A8 /* Project object */;
			proxyType = 1;
			remoteGlobalIDString = 6716BC242DE9A8E0007604A8;
			remoteInfo = kcHerosClase;
		};
		6716BC402DE9A8E1007604A8 /* PBXContainerItemProxy */ = {
			isa = PBXContainerItemProxy;
			containerPortal = 6716BC1D2DE9A8E0007604A8 /* Project object */;
			proxyType = 1;
			remoteGlobalIDString = 6716BC242DE9A8E0007604A8;
			remoteInfo = kcHerosClase;
		};
/* End PBXContainerItemProxy section */

/* Begin PBXFileReference section */
		6716BC252DE9A8E0007604A8 /* kcHerosClase.app */ = {isa = PBXFileReference; explicitFileType = wrapper.application; includeInIndex = 0; path = kcHerosClase.app; sourceTree = BUILT_PRODUCTS_DIR; };
		6716BC352DE9A8E1007604A8 /* kcHerosClaseTests.xctest */ = {isa = PBXFileReference; explicitFileType = wrapper.cfbundle; includeInIndex = 0; path = kcHerosClaseTests.xctest; sourceTree = BUILT_PRODUCTS_DIR; };
		6716BC3F2DE9A8E1007604A8 /* kcHerosClaseUITests.xctest */ = {isa = PBXFileReference; explicitFileType = wrapper.cfbundle; includeInIndex = 0; path = kcHerosClaseUITests.xctest; sourceTree = BUILT_PRODUCTS_DIR; };
/* End PBXFileReference section */

/* Begin PBXFileSystemSynchronizedBuildFileExceptionSet section */
		6716BC662DE9AF56007604A8 /* Exceptions for "kcHerosClase" folder in "kcHerosClase" target */ = {
			isa = PBXFileSystemSynchronizedBuildFileExceptionSet;
			membershipExceptions = (
				Info.plist,
			);
			target = 6716BC242DE9A8E0007604A8 /* kcHerosClase */;
		};
/* End PBXFileSystemSynchronizedBuildFileExceptionSet section */

/* Begin PBXFileSystemSynchronizedRootGroup section */
		6716BC272DE9A8E0007604A8 /* kcHerosClase */ = {
			isa = PBXFileSystemSynchronizedRootGroup;
			exceptions = (
				6716BC662DE9AF56007604A8 /* Exceptions for "kcHerosClase" folder in "kcHerosClase" target */,
			);
			path = kcHerosClase;
			sourceTree = "<group>";
		};
		6716BC382DE9A8E1007604A8 /* kcHerosClaseTests */ = {
			isa = PBXFileSystemSynchronizedRootGroup;
			path = kcHerosClaseTests;
			sourceTree = "<group>";
		};
		6716BC422DE9A8E1007604A8 /* kcHerosClaseUITests */ = {
			isa = PBXFileSystemSynchronizedRootGroup;
			path = kcHerosClaseUITests;
			sourceTree = "<group>";
		};
/* End PBXFileSystemSynchronizedRootGroup section */

/* Begin PBXFrameworksBuildPhase section */
		6716BC222DE9A8E0007604A8 /* Frameworks */ = {
			isa = PBXFrameworksBuildPhase;
			buildActionMask = 2147483647;
			files = (
				6716BC692DE9B04B007604A8 /* KeychainSwift in Frameworks */,
			);
			runOnlyForDeploymentPostprocessing = 0;
		};
		6716BC322DE9A8E1007604A8 /* Frameworks */ = {
			isa = PBXFrameworksBuildPhase;
			buildActionMask = 2147483647;
			files = (
			);
			runOnlyForDeploymentPostprocessing = 0;
		};
		6716BC3C2DE9A8E1007604A8 /* Frameworks */ = {
			isa = PBXFrameworksBuildPhase;
			buildActionMask = 2147483647;
			files = (
			);
			runOnlyForDeploymentPostprocessing = 0;
		};
/* End PBXFrameworksBuildPhase section */

/* Begin PBXGroup section */
		6716BC1C2DE9A8E0007604A8 = {
			isa = PBXGroup;
			children = (
				6716BC272DE9A8E0007604A8 /* kcHerosClase */,
				6716BC382DE9A8E1007604A8 /* kcHerosClaseTests */,
				6716BC422DE9A8E1007604A8 /* kcHerosClaseUITests */,
				6716BC262DE9A8E0007604A8 /* Products */,
			);
			sourceTree = "<group>";
		};
		6716BC262DE9A8E0007604A8 /* Products */ = {
			isa = PBXGroup;
			children = (
				6716BC252DE9A8E0007604A8 /* kcHerosClase.app */,
				6716BC352DE9A8E1007604A8 /* kcHerosClaseTests.xctest */,
				6716BC3F2DE9A8E1007604A8 /* kcHerosClaseUITests.xctest */,
			);
			name = Products;
			sourceTree = "<group>";
		};
/* End PBXGroup section */

/* Begin PBXNativeTarget section */
		6716BC242DE9A8E0007604A8 /* kcHerosClase */ = {
			isa = PBXNativeTarget;
			buildConfigurationList = 6716BC492DE9A8E1007604A8 /* Build configuration list for PBXNativeTarget "kcHerosClase" */;
			buildPhases = (
				6716BC212DE9A8E0007604A8 /* Sources */,
				6716BC222DE9A8E0007604A8 /* Frameworks */,
				6716BC232DE9A8E0007604A8 /* Resources */,
			);
			buildRules = (
			);
			dependencies = (
			);
			fileSystemSynchronizedGroups = (
				6716BC272DE9A8E0007604A8 /* kcHerosClase */,
			);
			name = kcHerosClase;
			packageProductDependencies = (
				6716BC682DE9B04B007604A8 /* KeychainSwift */,
			);
			productName = kcHerosClase;
			productReference = 6716BC252DE9A8E0007604A8 /* kcHerosClase.app */;
			productType = "com.apple.product-type.application";
		};
		6716BC342DE9A8E1007604A8 /* kcHerosClaseTests */ = {
			isa = PBXNativeTarget;
			buildConfigurationList = 6716BC4C2DE9A8E1007604A8 /* Build configuration list for PBXNativeTarget "kcHerosClaseTests" */;
			buildPhases = (
				6716BC312DE9A8E1007604A8 /* Sources */,
				6716BC322DE9A8E1007604A8 /* Frameworks */,
				6716BC332DE9A8E1007604A8 /* Resources */,
			);
			buildRules = (
			);
			dependencies = (
				6716BC372DE9A8E1007604A8 /* PBXTargetDependency */,
			);
			fileSystemSynchronizedGroups = (
				6716BC382DE9A8E1007604A8 /* kcHerosClaseTests */,
			);
			name = kcHerosClaseTests;
			packageProductDependencies = (
			);
			productName = kcHerosClaseTests;
			productReference = 6716BC352DE9A8E1007604A8 /* kcHerosClaseTests.xctest */;
			productType = "com.apple.product-type.bundle.unit-test";
		};
		6716BC3E2DE9A8E1007604A8 /* kcHerosClaseUITests */ = {
			isa = PBXNativeTarget;
			buildConfigurationList = 6716BC4F2DE9A8E1007604A8 /* Build configuration list for PBXNativeTarget "kcHerosClaseUITests" */;
			buildPhases = (
				6716BC3B2DE9A8E1007604A8 /* Sources */,
				6716BC3C2DE9A8E1007604A8 /* Frameworks */,
				6716BC3D2DE9A8E1007604A8 /* Resources */,
			);
			buildRules = (
			);
			dependencies = (
				6716BC412DE9A8E1007604A8 /* PBXTargetDependency */,
			);
			fileSystemSynchronizedGroups = (
				6716BC422DE9A8E1007604A8 /* kcHerosClaseUITests */,
			);
			name = kcHerosClaseUITests;
			packageProductDependencies = (
			);
			productName = kcHerosClaseUITests;
			productReference = 6716BC3F2DE9A8E1007604A8 /* kcHerosClaseUITests.xctest */;
			productType = "com.apple.product-type.bundle.ui-testing";
		};
/* End PBXNativeTarget section */

/* Begin PBXProject section */
		6716BC1D2DE9A8E0007604A8 /* Project object */ = {
			isa = PBXProject;
			attributes = {
				BuildIndependentTargetsInParallel = 1;
				LastSwiftUpdateCheck = 1620;
				LastUpgradeCheck = 1620;
				TargetAttributes = {
					6716BC242DE9A8E0007604A8 = {
						CreatedOnToolsVersion = 16.2;
					};
					6716BC342DE9A8E1007604A8 = {
						CreatedOnToolsVersion = 16.2;
						TestTargetID = 6716BC242DE9A8E0007604A8;
					};
					6716BC3E2DE9A8E1007604A8 = {
						CreatedOnToolsVersion = 16.2;
						TestTargetID = 6716BC242DE9A8E0007604A8;
					};
				};
			};
			buildConfigurationList = 6716BC202DE9A8E0007604A8 /* Build configuration list for PBXProject "kcHerosClase" */;
			developmentRegion = en;
			hasScannedForEncodings = 0;
			knownRegions = (
				en,
				Base,
				es,
			);
			mainGroup = 6716BC1C2DE9A8E0007604A8;
			minimizedProjectReferenceProxies = 1;
			packageReferences = (
				6716BC672DE9B04B007604A8 /* XCRemoteSwiftPackageReference "keychain-swift" */,
			);
			preferredProjectObjectVersion = 77;
			productRefGroup = 6716BC262DE9A8E0007604A8 /* Products */;
			projectDirPath = "";
			projectRoot = "";
			targets = (
				6716BC242DE9A8E0007604A8 /* kcHerosClase */,
				6716BC342DE9A8E1007604A8 /* kcHerosClaseTests */,
				6716BC3E2DE9A8E1007604A8 /* kcHerosClaseUITests */,
			);
		};
/* End PBXProject section */

/* Begin PBXResourcesBuildPhase section */
		6716BC232DE9A8E0007604A8 /* Resources */ = {
			isa = PBXResourcesBuildPhase;
			buildActionMask = 2147483647;
			files = (
			);
			runOnlyForDeploymentPostprocessing = 0;
		};
		6716BC332DE9A8E1007604A8 /* Resources */ = {
			isa = PBXResourcesBuildPhase;
			buildActionMask = 2147483647;
			files = (
			);
			runOnlyForDeploymentPostprocessing = 0;
		};
		6716BC3D2DE9A8E1007604A8 /* Resources */ = {
			isa = PBXResourcesBuildPhase;
			buildActionMask = 2147483647;
			files = (
			);
			runOnlyForDeploymentPostprocessing = 0;
		};
/* End PBXResourcesBuildPhase section */

/* Begin PBXSourcesBuildPhase section */
		6716BC212DE9A8E0007604A8 /* Sources */ = {
			isa = PBXSourcesBuildPhase;
			buildActionMask = 2147483647;
			files = (
			);
			runOnlyForDeploymentPostprocessing = 0;
		};
		6716BC312DE9A8E1007604A8 /* Sources */ = {
			isa = PBXSourcesBuildPhase;
			buildActionMask = 2147483647;
			files = (
			);
			runOnlyForDeploymentPostprocessing = 0;
		};
		6716BC3B2DE9A8E1007604A8 /* Sources */ = {
			isa = PBXSourcesBuildPhase;
			buildActionMask = 2147483647;
			files = (
			);
			runOnlyForDeploymentPostprocessing = 0;
		};
/* End PBXSourcesBuildPhase section */

/* Begin PBXTargetDependency section */
		6716BC372DE9A8E1007604A8 /* PBXTargetDependency */ = {
			isa = PBXTargetDependency;
			target = 6716BC242DE9A8E0007604A8 /* kcHerosClase */;
			targetProxy = 6716BC362DE9A8E1007604A8 /* PBXContainerItemProxy */;
		};
		6716BC412DE9A8E1007604A8 /* PBXTargetDependency */ = {
			isa = PBXTargetDependency;
			target = 6716BC242DE9A8E0007604A8 /* kcHerosClase */;
			targetProxy = 6716BC402DE9A8E1007604A8 /* PBXContainerItemProxy */;
		};
/* End PBXTargetDependency section */

/* Begin XCBuildConfiguration section */
		6716BC472DE9A8E1007604A8 /* Debug */ = {
			isa = XCBuildConfiguration;
			buildSettings = {
				ALWAYS_SEARCH_USER_PATHS = NO;
				ASSETCATALOG_COMPILER_GENERATE_SWIFT_ASSET_SYMBOL_EXTENSIONS = YES;
				CLANG_ANALYZER_LOCALIZABILITY_NONLOCALIZED = YES;
				CLANG_ANALYZER_NONNULL = YES;
				CLANG_ANALYZER_NUMBER_OBJECT_CONVERSION = YES_AGGRESSIVE;
				CLANG_CXX_LANGUAGE_STANDARD = "gnu++20";
				CLANG_ENABLE_MODULES = YES;
				CLANG_ENABLE_OBJC_ARC = YES;
				CLANG_ENABLE_OBJC_WEAK = YES;
				CLANG_WARN_BLOCK_CAPTURE_AUTORELEASING = YES;
				CLANG_WARN_BOOL_CONVERSION = YES;
				CLANG_WARN_COMMA = YES;
				CLANG_WARN_CONSTANT_CONVERSION = YES;
				CLANG_WARN_DEPRECATED_OBJC_IMPLEMENTATIONS = YES;
				CLANG_WARN_DIRECT_OBJC_ISA_USAGE = YES_ERROR;
				CLANG_WARN_DOCUMENTATION_COMMENTS = YES;
				CLANG_WARN_EMPTY_BODY = YES;
				CLANG_WARN_ENUM_CONVERSION = YES;
				CLANG_WARN_INFINITE_RECURSION = YES;
				CLANG_WARN_INT_CONVERSION = YES;
				CLANG_WARN_NON_LITERAL_NULL_CONVERSION = YES;
				CLANG_WARN_OBJC_IMPLICIT_RETAIN_SELF = YES;
				CLANG_WARN_OBJC_LITERAL_CONVERSION = YES;
				CLANG_WARN_OBJC_ROOT_CLASS = YES_ERROR;
				CLANG_WARN_QUOTED_INCLUDE_IN_FRAMEWORK_HEADER = YES;
				CLANG_WARN_RANGE_LOOP_ANALYSIS = YES;
				CLANG_WARN_STRICT_PROTOTYPES = YES;
				CLANG_WARN_SUSPICIOUS_MOVE = YES;
				CLANG_WARN_UNGUARDED_AVAILABILITY = YES_AGGRESSIVE;
				CLANG_WARN_UNREACHABLE_CODE = YES;
				CLANG_WARN__DUPLICATE_METHOD_MATCH = YES;
				COPY_PHASE_STRIP = NO;
				DEBUG_INFORMATION_FORMAT = dwarf;
				ENABLE_STRICT_OBJC_MSGSEND = YES;
				ENABLE_TESTABILITY = YES;
				ENABLE_USER_SCRIPT_SANDBOXING = YES;
				GCC_C_LANGUAGE_STANDARD = gnu17;
				GCC_DYNAMIC_NO_PIC = NO;
				GCC_NO_COMMON_BLOCKS = YES;
				GCC_OPTIMIZATION_LEVEL = 0;
				GCC_PREPROCESSOR_DEFINITIONS = (
					"DEBUG=1",
					"$(inherited)",
				);
				GCC_WARN_64_TO_32_BIT_CONVERSION = YES;
				GCC_WARN_ABOUT_RETURN_TYPE = YES_ERROR;
				GCC_WARN_UNDECLARED_SELECTOR = YES;
				GCC_WARN_UNINITIALIZED_AUTOS = YES_AGGRESSIVE;
				GCC_WARN_UNUSED_FUNCTION = YES;
				GCC_WARN_UNUSED_VARIABLE = YES;
				IPHONEOS_DEPLOYMENT_TARGET = 18.2;
				LOCALIZATION_PREFERS_STRING_CATALOGS = YES;
				MTL_ENABLE_DEBUG_INFO = INCLUDE_SOURCE;
				MTL_FAST_MATH = YES;
				ONLY_ACTIVE_ARCH = YES;
				SDKROOT = iphoneos;
				SWIFT_ACTIVE_COMPILATION_CONDITIONS = "DEBUG $(inherited)";
				SWIFT_EMIT_LOC_STRINGS = YES;
				SWIFT_OPTIMIZATION_LEVEL = "-Onone";
			};
			name = Debug;
		};
		6716BC482DE9A8E1007604A8 /* Release */ = {
			isa = XCBuildConfiguration;
			buildSettings = {
				ALWAYS_SEARCH_USER_PATHS = NO;
				ASSETCATALOG_COMPILER_GENERATE_SWIFT_ASSET_SYMBOL_EXTENSIONS = YES;
				CLANG_ANALYZER_LOCALIZABILITY_NONLOCALIZED = YES;
				CLANG_ANALYZER_NONNULL = YES;
				CLANG_ANALYZER_NUMBER_OBJECT_CONVERSION = YES_AGGRESSIVE;
				CLANG_CXX_LANGUAGE_STANDARD = "gnu++20";
				CLANG_ENABLE_MODULES = YES;
				CLANG_ENABLE_OBJC_ARC = YES;
				CLANG_ENABLE_OBJC_WEAK = YES;
				CLANG_WARN_BLOCK_CAPTURE_AUTORELEASING = YES;
				CLANG_WARN_BOOL_CONVERSION = YES;
				CLANG_WARN_COMMA = YES;
				CLANG_WARN_CONSTANT_CONVERSION = YES;
				CLANG_WARN_DEPRECATED_OBJC_IMPLEMENTATIONS = YES;
				CLANG_WARN_DIRECT_OBJC_ISA_USAGE = YES_ERROR;
				CLANG_WARN_DOCUMENTATION_COMMENTS = YES;
				CLANG_WARN_EMPTY_BODY = YES;
				CLANG_WARN_ENUM_CONVERSION = YES;
				CLANG_WARN_INFINITE_RECURSION = YES;
				CLANG_WARN_INT_CONVERSION = YES;
				CLANG_WARN_NON_LITERAL_NULL_CONVERSION = YES;
				CLANG_WARN_OBJC_IMPLICIT_RETAIN_SELF = YES;
				CLANG_WARN_OBJC_LITERAL_CONVERSION = YES;
				CLANG_WARN_OBJC_ROOT_CLASS = YES_ERROR;
				CLANG_WARN_QUOTED_INCLUDE_IN_FRAMEWORK_HEADER = YES;
				CLANG_WARN_RANGE_LOOP_ANALYSIS = YES;
				CLANG_WARN_STRICT_PROTOTYPES = YES;
				CLANG_WARN_SUSPICIOUS_MOVE = YES;
				CLANG_WARN_UNGUARDED_AVAILABILITY = YES_AGGRESSIVE;
				CLANG_WARN_UNREACHABLE_CODE = YES;
				CLANG_WARN__DUPLICATE_METHOD_MATCH = YES;
				COPY_PHASE_STRIP = NO;
				DEBUG_INFORMATION_FORMAT = "dwarf-with-dsym";
				ENABLE_NS_ASSERTIONS = NO;
				ENABLE_STRICT_OBJC_MSGSEND = YES;
				ENABLE_USER_SCRIPT_SANDBOXING = YES;
				GCC_C_LANGUAGE_STANDARD = gnu17;
				GCC_NO_COMMON_BLOCKS = YES;
				GCC_WARN_64_TO_32_BIT_CONVERSION = YES;
				GCC_WARN_ABOUT_RETURN_TYPE = YES_ERROR;
				GCC_WARN_UNDECLARED_SELECTOR = YES;
				GCC_WARN_UNINITIALIZED_AUTOS = YES_AGGRESSIVE;
				GCC_WARN_UNUSED_FUNCTION = YES;
				GCC_WARN_UNUSED_VARIABLE = YES;
				IPHONEOS_DEPLOYMENT_TARGET = 18.2;
				LOCALIZATION_PREFERS_STRING_CATALOGS = YES;
				MTL_ENABLE_DEBUG_INFO = NO;
				MTL_FAST_MATH = YES;
				SDKROOT = iphoneos;
				SWIFT_COMPILATION_MODE = wholemodule;
				SWIFT_EMIT_LOC_STRINGS = YES;
				VALIDATE_PRODUCT = YES;
			};
			name = Release;
		};
		6716BC4A2DE9A8E1007604A8 /* Debug */ = {
			isa = XCBuildConfiguration;
			buildSettings = {
				ASSETCATALOG_COMPILER_APPICON_NAME = AppIcon;
				ASSETCATALOG_COMPILER_GLOBAL_ACCENT_COLOR_NAME = AccentColor;
				CODE_SIGN_STYLE = Automatic;
				CURRENT_PROJECT_VERSION = 1;
				DEVELOPMENT_ASSET_PATHS = "\"kcHerosClase/Preview Content\"";
				DEVELOPMENT_TEAM = ADCUTL8YP7;
				ENABLE_PREVIEWS = YES;
				GENERATE_INFOPLIST_FILE = YES;
				INFOPLIST_FILE = kcHerosClase/Info.plist;
				INFOPLIST_KEY_UIApplicationSceneManifest_Generation = YES;
				INFOPLIST_KEY_UIApplicationSupportsIndirectInputEvents = YES;
				INFOPLIST_KEY_UILaunchScreen_Generation = YES;
				INFOPLIST_KEY_UISupportedInterfaceOrientations_iPad = "UIInterfaceOrientationPortrait UIInterfaceOrientationPortraitUpsideDown UIInterfaceOrientationLandscapeLeft UIInterfaceOrientationLandscapeRight";
				INFOPLIST_KEY_UISupportedInterfaceOrientations_iPhone = "UIInterfaceOrientationPortrait UIInterfaceOrientationLandscapeLeft UIInterfaceOrientationLandscapeRight";
				LD_RUNPATH_SEARCH_PATHS = (
					"$(inherited)",
					"@executable_path/Frameworks",
				);
				MARKETING_VERSION = 1.0;
				PRODUCT_BUNDLE_IDENTIFIER = com.aentrena.kcHerosClase;
				PRODUCT_NAME = "$(TARGET_NAME)";
				SWIFT_EMIT_LOC_STRINGS = YES;
				SWIFT_VERSION = 5.0;
				TARGETED_DEVICE_FAMILY = "1,2";
			};
			name = Debug;
		};
		6716BC4B2DE9A8E1007604A8 /* Release */ = {
			isa = XCBuildConfiguration;
			buildSettings = {
				ASSETCATALOG_COMPILER_APPICON_NAME = AppIcon;
				ASSETCATALOG_COMPILER_GLOBAL_ACCENT_COLOR_NAME = AccentColor;
				CODE_SIGN_STYLE = Automatic;
				CURRENT_PROJECT_VERSION = 1;
				DEVELOPMENT_ASSET_PATHS = "\"kcHerosClase/Preview Content\"";
				DEVELOPMENT_TEAM = ADCUTL8YP7;
				ENABLE_PREVIEWS = YES;
				GENERATE_INFOPLIST_FILE = YES;
				INFOPLIST_FILE = kcHerosClase/Info.plist;
				INFOPLIST_KEY_UIApplicationSceneManifest_Generation = YES;
				INFOPLIST_KEY_UIApplicationSupportsIndirectInputEvents = YES;
				INFOPLIST_KEY_UILaunchScreen_Generation = YES;
				INFOPLIST_KEY_UISupportedInterfaceOrientations_iPad = "UIInterfaceOrientationPortrait UIInterfaceOrientationPortraitUpsideDown UIInterfaceOrientationLandscapeLeft UIInterfaceOrientationLandscapeRight";
				INFOPLIST_KEY_UISupportedInterfaceOrientations_iPhone = "UIInterfaceOrientationPortrait UIInterfaceOrientationLandscapeLeft UIInterfaceOrientationLandscapeRight";
				LD_RUNPATH_SEARCH_PATHS = (
					"$(inherited)",
					"@executable_path/Frameworks",
				);
				MARKETING_VERSION = 1.0;
				PRODUCT_BUNDLE_IDENTIFIER = com.aentrena.kcHerosClase;
				PRODUCT_NAME = "$(TARGET_NAME)";
				SWIFT_EMIT_LOC_STRINGS = YES;
				SWIFT_VERSION = 5.0;
				TARGETED_DEVICE_FAMILY = "1,2";
			};
			name = Release;
		};
		6716BC4D2DE9A8E1007604A8 /* Debug */ = {
			isa = XCBuildConfiguration;
			buildSettings = {
				BUNDLE_LOADER = "$(TEST_HOST)";
				CODE_SIGN_STYLE = Automatic;
				CURRENT_PROJECT_VERSION = 1;
				DEVELOPMENT_TEAM = ADCUTL8YP7;
				GENERATE_INFOPLIST_FILE = YES;
				IPHONEOS_DEPLOYMENT_TARGET = 18.2;
				MARKETING_VERSION = 1.0;
				PRODUCT_BUNDLE_IDENTIFIER = com.aentrena.kcHerosClaseTests;
				PRODUCT_NAME = "$(TARGET_NAME)";
				SWIFT_EMIT_LOC_STRINGS = NO;
				SWIFT_VERSION = 5.0;
				TARGETED_DEVICE_FAMILY = "1,2";
				TEST_HOST = "$(BUILT_PRODUCTS_DIR)/kcHerosClase.app/$(BUNDLE_EXECUTABLE_FOLDER_PATH)/kcHerosClase";
			};
			name = Debug;
		};
		6716BC4E2DE9A8E1007604A8 /* Release */ = {
			isa = XCBuildConfiguration;
			buildSettings = {
				BUNDLE_LOADER = "$(TEST_HOST)";
				CODE_SIGN_STYLE = Automatic;
				CURRENT_PROJECT_VERSION = 1;
				DEVELOPMENT_TEAM = ADCUTL8YP7;
				GENERATE_INFOPLIST_FILE = YES;
				IPHONEOS_DEPLOYMENT_TARGET = 18.2;
				MARKETING_VERSION = 1.0;
				PRODUCT_BUNDLE_IDENTIFIER = com.aentrena.kcHerosClaseTests;
				PRODUCT_NAME = "$(TARGET_NAME)";
				SWIFT_EMIT_LOC_STRINGS = NO;
				SWIFT_VERSION = 5.0;
				TARGETED_DEVICE_FAMILY = "1,2";
				TEST_HOST = "$(BUILT_PRODUCTS_DIR)/kcHerosClase.app/$(BUNDLE_EXECUTABLE_FOLDER_PATH)/kcHerosClase";
			};
			name = Release;
		};
		6716BC502DE9A8E1007604A8 /* Debug */ = {
			isa = XCBuildConfiguration;
			buildSettings = {
				CODE_SIGN_STYLE = Automatic;
				CURRENT_PROJECT_VERSION = 1;
				DEVELOPMENT_TEAM = ADCUTL8YP7;
				GENERATE_INFOPLIST_FILE = YES;
				MARKETING_VERSION = 1.0;
				PRODUCT_BUNDLE_IDENTIFIER = com.aentrena.kcHerosClaseUITests;
				PRODUCT_NAME = "$(TARGET_NAME)";
				SWIFT_EMIT_LOC_STRINGS = NO;
				SWIFT_VERSION = 5.0;
				TARGETED_DEVICE_FAMILY = "1,2";
				TEST_TARGET_NAME = kcHerosClase;
			};
			name = Debug;
		};
		6716BC512DE9A8E1007604A8 /* Release */ = {
			isa = XCBuildConfiguration;
			buildSettings = {
				CODE_SIGN_STYLE = Automatic;
				CURRENT_PROJECT_VERSION = 1;
				DEVELOPMENT_TEAM = ADCUTL8YP7;
				GENERATE_INFOPLIST_FILE = YES;
				MARKETING_VERSION = 1.0;
				PRODUCT_BUNDLE_IDENTIFIER = com.aentrena.kcHerosClaseUITests;
				PRODUCT_NAME = "$(TARGET_NAME)";
				SWIFT_EMIT_LOC_STRINGS = NO;
				SWIFT_VERSION = 5.0;
				TARGETED_DEVICE_FAMILY = "1,2";
				TEST_TARGET_NAME = kcHerosClase;
			};
			name = Release;
		};
/* End XCBuildConfiguration section */

/* Begin XCConfigurationList section */
		6716BC202DE9A8E0007604A8 /* Build configuration list for PBXProject "kcHerosClase" */ = {
			isa = XCConfigurationList;
			buildConfigurations = (
				6716BC472DE9A8E1007604A8 /* Debug */,
				6716BC482DE9A8E1007604A8 /* Release */,
			);
			defaultConfigurationIsVisible = 0;
			defaultConfigurationName = Release;
		};
		6716BC492DE9A8E1007604A8 /* Build configuration list for PBXNativeTarget "kcHerosClase" */ = {
			isa = XCConfigurationList;
			buildConfigurations = (
				6716BC4A2DE9A8E1007604A8 /* Debug */,
				6716BC4B2DE9A8E1007604A8 /* Release */,
			);
			defaultConfigurationIsVisible = 0;
			defaultConfigurationName = Release;
		};
		6716BC4C2DE9A8E1007604A8 /* Build configuration list for PBXNativeTarget "kcHerosClaseTests" */ = {
			isa = XCConfigurationList;
			buildConfigurations = (
				6716BC4D2DE9A8E1007604A8 /* Debug */,
				6716BC4E2DE9A8E1007604A8 /* Release */,
			);
			defaultConfigurationIsVisible = 0;
			defaultConfigurationName = Release;
		};
		6716BC4F2DE9A8E1007604A8 /* Build configuration list for PBXNativeTarget "kcHerosClaseUITests" */ = {
			isa = XCConfigurationList;
			buildConfigurations = (
				6716BC502DE9A8E1007604A8 /* Debug */,
				6716BC512DE9A8E1007604A8 /* Release */,
			);
			defaultConfigurationIsVisible = 0;
			defaultConfigurationName = Release;
		};
/* End XCConfigurationList section */

/* Begin XCRemoteSwiftPackageReference section */
		6716BC672DE9B04B007604A8 /* XCRemoteSwiftPackageReference "keychain-swift" */ = {
			isa = XCRemoteSwiftPackageReference;
			repositoryURL = "https://github.com/evgenyneu/keychain-swift";
			requirement = {
				kind = upToNextMajorVersion;
				minimumVersion = 24.0.0;
			};
		};
/* End XCRemoteSwiftPackageReference section */

/* Begin XCSwiftPackageProductDependency section */
		6716BC682DE9B04B007604A8 /* KeychainSwift */ = {
			isa = XCSwiftPackageProductDependency;
			package = 6716BC672DE9B04B007604A8 /* XCRemoteSwiftPackageReference "keychain-swift" */;
			productName = KeychainSwift;
		};
/* End XCSwiftPackageProductDependency section */
	};
	rootObject = 6716BC1D2DE9A8E0007604A8 /* Project object */;
}
